{"1.1.0",
[{<<"cowboy">>,
  {git,"git://github.com/ninenines/cowboy.git",
       {ref,"3d9078018d7f0a83a359b70c698d35e35fbb94f9"}},
  0},
 {<<"cowlib">>,
  {git,"git://github.com/ninenines/cowlib.git",
       {ref,"d544a494af4dbc810fc9c15eaf5cc050cced1501"}},
  1},
 {<<"gproc">>,{pkg,<<"gproc">>,<<"0.5.0">>},0},
 {<<"jsonx">>,
  {git,"https://github.com/iskra/jsonx",
       {ref,"9c95948c6835827ed61a9506ae4a9aba61acf335"}},
  0},
 {<<"ranch">>,
  {git,"git://github.com/ninenines/ranch.git",
       {ref,"adf1822defc2b7cfdc7aca112adabfa1d614043c"}},
  1}]}.
[
{pkg_hash,[
 {<<"gproc">>, <<"2DF2D886F8F8A7B81A4B04AA17972B5965BBC5BF0100EA6D8E8AC6A0E7389AFE">>}]}
].
